PODS:
  - AFHTTPSessionManager-AutoRetry (0.0.3):
    - AFNetworking
  - AFNetworking (2.7.0):
    - AFNetworking/NSURLConnection (= 2.7.0)
    - AFNetworking/NSURLSession (= 2.7.0)
    - AFNetworking/Reachability (= 2.7.0)
    - AFNetworking/Security (= 2.7.0)
    - AFNetworking/Serialization (= 2.7.0)
    - AFNetworking/UIKit (= 2.7.0)
  - AFNetworking/NSURLConnection (2.7.0):
    - AFNetworking/Reachability
    - AFNetworking/Security
    - AFNetworking/Serialization
  - AFNetworking/NSURLSession (2.7.0):
    - AFNetworking/Reachability
    - AFNetworking/Security
    - AFNetworking/Serialization
  - AFNetworking/Reachability (2.7.0)
  - AFNetworking/Security (2.7.0)
  - AFNetworking/Serialization (2.7.0)
  - AFNetworking/UIKit (2.7.0):
    - AFNetworking/NSURLConnection
    - AFNetworking/NSURLSession
  - Base64 (1.1.2)
  - JWT (2.2.0):
    - Base64 (~> 1.1.2)
  - YYKit (1.0.9):
    - YYKit/no-arc (= 1.0.9)
  - YYKit/no-arc (1.0.9)

DEPENDENCIES:
  - AFHTTPSessionManager-AutoRetry
  - JWT
  - YYKit

SPEC REPOS:
  https://github.com/CocoaPods/Specs.git:
    - AFHTTPSessionManager-AutoRetry
    - AFNetworking
    - Base64
    - JWT
    - YYKit

SPEC CHECKSUMS:
  AFHTTPSessionManager-AutoRetry: 9c59a7bbcf2781b0dc88e85255193bc544658a50
  AFNetworking: 8dd5f9b9691e09186393069a12cc3b5ed7c8b511
  Base64: cecfb41a004124895a7bcee567a89bae5a89d49b
  JWT: cf73c0ab0dac762df3de8a3f1164352089d97780
  YYKit: 7cda43304a8dc3696c449041e2cb3107b4e236e7

PODFILE CHECKSUM: 35af0c9a9fd03929ba7cd19f833eece441b90560

COCOAPODS: 1.9.2
