PODS:
  - AFHTTPSessionManager-AutoRetry (0.0.3):
    - AFNetworking
  - AFNetworking (3.2.1):
    - AFNetworking/NSURLSession (= 3.2.1)
    - AFNetworking/Reachability (= 3.2.1)
    - AFNetworking/Security (= 3.2.1)
    - AFNetworking/Serialization (= 3.2.1)
    - AFNetworking/UIKit (= 3.2.1)
  - AFNetworking/NSURLSession (3.2.1):
    - AFNetworking/Reachability
    - AFNetworking/Security
    - AFNetworking/Serialization
  - AFNetworking/Reachability (3.2.1)
  - AFNetworking/Security (3.2.1)
  - AFNetworking/Serialization (3.2.1)
  - AFNetworking/UIKit (3.2.1):
    - AFNetworking/NSURLSession
  - Base64 (1.1.2)
  - JWT (2.2.0):
    - Base64 (~> 1.1.2)
  - YYKit (1.0.9):
    - YYKit/no-arc (= 1.0.9)
  - YYKit/no-arc (1.0.9)

DEPENDENCIES:
  - AFHTTPSessionManager-AutoRetry (~> 0.0.3)
  - AFNetworking (~> 3.2.1)
  - JWT (~> 2.2.0)
  - YYKit (~> 1.0.9)

SPEC REPOS:
  https://github.com/CocoaPods/Specs.git:
    - AFHTTPSessionManager-AutoRetry
    - AFNetworking
    - Base64
    - JWT
    - YYKit

SPEC CHECKSUMS:
  AFHTTPSessionManager-AutoRetry: 9c59a7bbcf2781b0dc88e85255193bc544658a50
  AFNetworking: b6f891fdfaed196b46c7a83cf209e09697b94057
  Base64: cecfb41a004124895a7bcee567a89bae5a89d49b
  JWT: cf73c0ab0dac762df3de8a3f1164352089d97780
  YYKit: 7cda43304a8dc3696c449041e2cb3107b4e236e7

PODFILE CHECKSUM: 26a5199c3b9668ec9f3e481ad5a54487e7bf0fc4

COCOAPODS: 1.9.1
